# This file is automatically @generated by Cargo.
# It is not intended for manual editing.
version = 3

[[package]]
name = "char_stream"
version = "0.1.8"
source = "registry+https://github.com/rust-lang/crates.io-index"
checksum = "a84c13e86e114781646edf6b4732400fb99e5ed4a91b14625282d936d9426666"

[[package]]
name = "reduce"
version = "0.1.4"
source = "registry+https://github.com/rust-lang/crates.io-index"
checksum = "16d2dc47b68ac15ea328cd7ebe01d7d512ed29787f7d534ad2a3c341328b35d7"

[[package]]
name = "rust-dfa-regex"
version = "0.1.0"
dependencies = [
 "char_stream",
 "reduce",
]
